
Microsoft Visual Studio Solution File, Format Version 12.00
# Visual Studio 15
VisualStudioVersion = 15.0.27428.2015
MinimumVisualStudioVersion = 10.0.40219.1
Project("{2150E333-8FDC-42A3-9474-1A3956D46DE8}") = "Business Logic Layer (BUS)", "Business Logic Layer (BUS)", "{1F308274-D867-4295-995A-0644FD3F4A21}"
EndProject
Project("{2150E333-8FDC-42A3-9474-1A3956D46DE8}") = "Data Access Layer (DAO)", "Data Access Layer (DAO)", "{632E79BC-61A2-4D05-B5C4-2AB8B2BE727F}"
EndProject
Project("{2150E333-8FDC-42A3-9474-1A3956D46DE8}") = "Presentation Layer", "Presentation Layer", "{3E679530-3C5A-4CA8-8FB9-6181523BDD71}"
EndProject
Project("{9A19103F-16F7-4668-BE54-9A1E7A4F7556}") = "Api", "Presentation Layer\Api\Api.csproj", "{A3CA4AEA-45D8-4423-AD72-8E913F185B5D}"
EndProject
Project("{9A19103F-16F7-4668-BE54-9A1E7A4F7556}") = "DAO.Entities", "DAO\DAO.Entities\DAO.Entities.csproj", "{09FF28F3-8D7B-483C-9D18-C59516642EF8}"
EndProject
Project("{9A19103F-16F7-4668-BE54-9A1E7A4F7556}") = "DAO", "DAO\DAO\DAO.csproj", "{6AB4F3ED-469E-4512-8C4F-1600D0B7D1BA}"
EndProject
Project("{9A19103F-16F7-4668-BE54-9A1E7A4F7556}") = "DAO.Ceps", "DAO\DAO.Ceps\DAO.Ceps.csproj", "{4EFA7F48-FA1E-458C-9A8F-5700DEFA9846}"
EndProject
Project("{9A19103F-16F7-4668-BE54-9A1E7A4F7556}") = "DAO.Ceps.Entities", "DAO\DAO.Ceps.Entities\DAO.Ceps.Entities.csproj", "{5D61C857-50EB-4913-A76E-349FE81B2E09}"
EndProject
Project("{9A19103F-16F7-4668-BE54-9A1E7A4F7556}") = "BUS", "BUS\BUS\BUS.csproj", "{6A074FBC-FC85-48EF-BAF4-7E5C052FC4AC}"
EndProject
Project("{2150E333-8FDC-42A3-9474-1A3956D46DE8}") = "Cross Cutting (CCUT)", "Cross Cutting (CCUT)", "{62B3D275-4A37-47B6-9EEE-BF0850B83152}"
EndProject
Project("{9A19103F-16F7-4668-BE54-9A1E7A4F7556}") = "BUS.Entities", "BUS\BUS.Entities\BUS.Entities.csproj", "{7EC37489-CCC1-4075-9BD0-1A53D9DBCBB1}"
EndProject
Project("{9A19103F-16F7-4668-BE54-9A1E7A4F7556}") = "CCTU.Entities", "CCUT\CCTU.Entities\CCTU.Entities.csproj", "{17B02F48-6AAC-4A6F-869B-70E1B93720D1}"
EndProject
Project("{9A19103F-16F7-4668-BE54-9A1E7A4F7556}") = "CCUT.Logging", "CCUT\CCUT.Logging\CCUT.Logging.csproj", "{0FAC7A1C-E25E-468E-93B5-BD96B4E2FA7D}"
EndProject
Project("{9A19103F-16F7-4668-BE54-9A1E7A4F7556}") = "CCUT.DependencyInjector", "CCUT\CCUT.DependencyInjector\CCUT.DependencyInjector.csproj", "{CE8EDE23-9D4C-4232-BCB6-1B5E481C61F3}"
EndProject
Project("{9A19103F-16F7-4668-BE54-9A1E7A4F7556}") = "CCUT.Validations", "CCUT\CCUT.Validations\CCUT.Validations.csproj", "{5DD585D5-6F92-41BD-90DB-955326CD9685}"
EndProject
Project("{9A19103F-16F7-4668-BE54-9A1E7A4F7556}") = "App", "Presentation Layer\App\App.csproj", "{F6170180-7B55-4946-8AA2-B6B22BB1E504}"
EndProject
Global
	GlobalSection(SolutionConfigurationPlatforms) = preSolution
		Debug|Any CPU = Debug|Any CPU
		Release|Any CPU = Release|Any CPU
	EndGlobalSection
	GlobalSection(ProjectConfigurationPlatforms) = postSolution
		{A3CA4AEA-45D8-4423-AD72-8E913F185B5D}.Debug|Any CPU.ActiveCfg = Debug|Any CPU
		{A3CA4AEA-45D8-4423-AD72-8E913F185B5D}.Debug|Any CPU.Build.0 = Debug|Any CPU
		{A3CA4AEA-45D8-4423-AD72-8E913F185B5D}.Release|Any CPU.ActiveCfg = Release|Any CPU
		{A3CA4AEA-45D8-4423-AD72-8E913F185B5D}.Release|Any CPU.Build.0 = Release|Any CPU
		{09FF28F3-8D7B-483C-9D18-C59516642EF8}.Debug|Any CPU.ActiveCfg = Debug|Any CPU
		{09FF28F3-8D7B-483C-9D18-C59516642EF8}.Debug|Any CPU.Build.0 = Debug|Any CPU
		{09FF28F3-8D7B-483C-9D18-C59516642EF8}.Release|Any CPU.ActiveCfg = Release|Any CPU
		{09FF28F3-8D7B-483C-9D18-C59516642EF8}.Release|Any CPU.Build.0 = Release|Any CPU
		{6AB4F3ED-469E-4512-8C4F-1600D0B7D1BA}.Debug|Any CPU.ActiveCfg = Debug|Any CPU
		{6AB4F3ED-469E-4512-8C4F-1600D0B7D1BA}.Debug|Any CPU.Build.0 = Debug|Any CPU
		{6AB4F3ED-469E-4512-8C4F-1600D0B7D1BA}.Release|Any CPU.ActiveCfg = Release|Any CPU
		{6AB4F3ED-469E-4512-8C4F-1600D0B7D1BA}.Release|Any CPU.Build.0 = Release|Any CPU
		{4EFA7F48-FA1E-458C-9A8F-5700DEFA9846}.Debug|Any CPU.ActiveCfg = Debug|Any CPU
		{4EFA7F48-FA1E-458C-9A8F-5700DEFA9846}.Debug|Any CPU.Build.0 = Debug|Any CPU
		{4EFA7F48-FA1E-458C-9A8F-5700DEFA9846}.Release|Any CPU.ActiveCfg = Release|Any CPU
		{4EFA7F48-FA1E-458C-9A8F-5700DEFA9846}.Release|Any CPU.Build.0 = Release|Any CPU
		{5D61C857-50EB-4913-A76E-349FE81B2E09}.Debug|Any CPU.ActiveCfg = Debug|Any CPU
		{5D61C857-50EB-4913-A76E-349FE81B2E09}.Debug|Any CPU.Build.0 = Debug|Any CPU
		{5D61C857-50EB-4913-A76E-349FE81B2E09}.Release|Any CPU.ActiveCfg = Release|Any CPU
		{5D61C857-50EB-4913-A76E-349FE81B2E09}.Release|Any CPU.Build.0 = Release|Any CPU
		{6A074FBC-FC85-48EF-BAF4-7E5C052FC4AC}.Debug|Any CPU.ActiveCfg = Debug|Any CPU
		{6A074FBC-FC85-48EF-BAF4-7E5C052FC4AC}.Debug|Any CPU.Build.0 = Debug|Any CPU
		{6A074FBC-FC85-48EF-BAF4-7E5C052FC4AC}.Release|Any CPU.ActiveCfg = Release|Any CPU
		{6A074FBC-FC85-48EF-BAF4-7E5C052FC4AC}.Release|Any CPU.Build.0 = Release|Any CPU
		{7EC37489-CCC1-4075-9BD0-1A53D9DBCBB1}.Debug|Any CPU.ActiveCfg = Debug|Any CPU
		{7EC37489-CCC1-4075-9BD0-1A53D9DBCBB1}.Debug|Any CPU.Build.0 = Debug|Any CPU
		{7EC37489-CCC1-4075-9BD0-1A53D9DBCBB1}.Release|Any CPU.ActiveCfg = Release|Any CPU
		{7EC37489-CCC1-4075-9BD0-1A53D9DBCBB1}.Release|Any CPU.Build.0 = Release|Any CPU
		{17B02F48-6AAC-4A6F-869B-70E1B93720D1}.Debug|Any CPU.ActiveCfg = Debug|Any CPU
		{17B02F48-6AAC-4A6F-869B-70E1B93720D1}.Debug|Any CPU.Build.0 = Debug|Any CPU
		{17B02F48-6AAC-4A6F-869B-70E1B93720D1}.Release|Any CPU.ActiveCfg = Release|Any CPU
		{17B02F48-6AAC-4A6F-869B-70E1B93720D1}.Release|Any CPU.Build.0 = Release|Any CPU
		{0FAC7A1C-E25E-468E-93B5-BD96B4E2FA7D}.Debug|Any CPU.ActiveCfg = Debug|Any CPU
		{0FAC7A1C-E25E-468E-93B5-BD96B4E2FA7D}.Debug|Any CPU.Build.0 = Debug|Any CPU
		{0FAC7A1C-E25E-468E-93B5-BD96B4E2FA7D}.Release|Any CPU.ActiveCfg = Release|Any CPU
		{0FAC7A1C-E25E-468E-93B5-BD96B4E2FA7D}.Release|Any CPU.Build.0 = Release|Any CPU
		{CE8EDE23-9D4C-4232-BCB6-1B5E481C61F3}.Debug|Any CPU.ActiveCfg = Debug|Any CPU
		{CE8EDE23-9D4C-4232-BCB6-1B5E481C61F3}.Debug|Any CPU.Build.0 = Debug|Any CPU
		{CE8EDE23-9D4C-4232-BCB6-1B5E481C61F3}.Release|Any CPU.ActiveCfg = Release|Any CPU
		{CE8EDE23-9D4C-4232-BCB6-1B5E481C61F3}.Release|Any CPU.Build.0 = Release|Any CPU
		{5DD585D5-6F92-41BD-90DB-955326CD9685}.Debug|Any CPU.ActiveCfg = Debug|Any CPU
		{5DD585D5-6F92-41BD-90DB-955326CD9685}.Debug|Any CPU.Build.0 = Debug|Any CPU
		{5DD585D5-6F92-41BD-90DB-955326CD9685}.Release|Any CPU.ActiveCfg = Release|Any CPU
		{5DD585D5-6F92-41BD-90DB-955326CD9685}.Release|Any CPU.Build.0 = Release|Any CPU
		{F6170180-7B55-4946-8AA2-B6B22BB1E504}.Debug|Any CPU.ActiveCfg = Debug|Any CPU
		{F6170180-7B55-4946-8AA2-B6B22BB1E504}.Debug|Any CPU.Build.0 = Debug|Any CPU
		{F6170180-7B55-4946-8AA2-B6B22BB1E504}.Release|Any CPU.ActiveCfg = Release|Any CPU
		{F6170180-7B55-4946-8AA2-B6B22BB1E504}.Release|Any CPU.Build.0 = Release|Any CPU
	EndGlobalSection
	GlobalSection(SolutionProperties) = preSolution
		HideSolutionNode = FALSE
	EndGlobalSection
	GlobalSection(NestedProjects) = preSolution
		{A3CA4AEA-45D8-4423-AD72-8E913F185B5D} = {3E679530-3C5A-4CA8-8FB9-6181523BDD71}
		{09FF28F3-8D7B-483C-9D18-C59516642EF8} = {632E79BC-61A2-4D05-B5C4-2AB8B2BE727F}
		{6AB4F3ED-469E-4512-8C4F-1600D0B7D1BA} = {632E79BC-61A2-4D05-B5C4-2AB8B2BE727F}
		{4EFA7F48-FA1E-458C-9A8F-5700DEFA9846} = {632E79BC-61A2-4D05-B5C4-2AB8B2BE727F}
		{5D61C857-50EB-4913-A76E-349FE81B2E09} = {632E79BC-61A2-4D05-B5C4-2AB8B2BE727F}
		{6A074FBC-FC85-48EF-BAF4-7E5C052FC4AC} = {1F308274-D867-4295-995A-0644FD3F4A21}
		{7EC37489-CCC1-4075-9BD0-1A53D9DBCBB1} = {1F308274-D867-4295-995A-0644FD3F4A21}
		{17B02F48-6AAC-4A6F-869B-70E1B93720D1} = {62B3D275-4A37-47B6-9EEE-BF0850B83152}
		{0FAC7A1C-E25E-468E-93B5-BD96B4E2FA7D} = {62B3D275-4A37-47B6-9EEE-BF0850B83152}
		{CE8EDE23-9D4C-4232-BCB6-1B5E481C61F3} = {62B3D275-4A37-47B6-9EEE-BF0850B83152}
		{5DD585D5-6F92-41BD-90DB-955326CD9685} = {62B3D275-4A37-47B6-9EEE-BF0850B83152}
		{F6170180-7B55-4946-8AA2-B6B22BB1E504} = {3E679530-3C5A-4CA8-8FB9-6181523BDD71}
	EndGlobalSection
	GlobalSection(ExtensibilityGlobals) = postSolution
		SolutionGuid = {AF764C21-2B50-4564-897F-4E26E3AB860D}
	EndGlobalSection
EndGlobal
